// !$*UTF8*$!
{
	archiveVersion = 1;
	classes = {
	};
	objectVersion = 46;
	objects = {

/* Begin PBXBuildFile section */
		7B6AAC2D1AEBAB610088D63F /* main.m in Sources */ = {isa = PBXBuildFile; fileRef = 7B6AAC2C1AEBAB610088D63F /* main.m */; };
		7B6AAC301AEBAB610088D63F /* AppDelegate.m in Sources */ = {isa = PBXBuildFile; fileRef = 7B6AAC2F1AEBAB610088D63F /* AppDelegate.m */; };
		7B6AAC331AEBAB610088D63F /* ViewController.m in Sources */ = {isa = PBXBuildFile; fileRef = 7B6AAC321AEBAB610088D63F /* ViewController.m */; };
		7B6AAC361AEBAB610088D63F /* Main.storyboard in Resources */ = {isa = PBXBuildFile; fileRef = 7B6AAC341AEBAB610088D63F /* Main.storyboard */; };
		7B6AAC381AEBAB610088D63F /* Images.xcassets in Resources */ = {isa = PBXBuildFile; fileRef = 7B6AAC371AEBAB610088D63F /* Images.xcassets */; };
		7B6AAC3B1AEBAB610088D63F /* LaunchScreen.xib in Resources */ = {isa = PBXBuildFile; fileRef = 7B6AAC391AEBAB610088D63F /* LaunchScreen.xib */; };
		7B6AAC471AEBAB610088D63F /* MyTEDPlayerTests.m in Sources */ = {isa = PBXBuildFile; fileRef = 7B6AAC461AEBAB610088D63F /* MyTEDPlayerTests.m */; };
/* End PBXBuildFile section */

/* Begin PBXContainerItemProxy section */
		7B6AAC411AEBAB610088D63F /* PBXContainerItemProxy */ = {
			isa = PBXContainerItemProxy;
			containerPortal = 7B6AAC1F1AEBAB610088D63F /* Project object */;
			proxyType = 1;
			remoteGlobalIDString = 7B6AAC261AEBAB610088D63F;
			remoteInfo = MyTEDPlayer;
		};
/* End PBXContainerItemProxy section */

/* Begin PBXFileReference section */
		7B6AAC271AEBAB610088D63F /* MyTEDPlayer.app */ = {isa = PBXFileReference; explicitFileType = wrapper.application; includeInIndex = 0; path = MyTEDPlayer.app; sourceTree = BUILT_PRODUCTS_DIR; };
		7B6AAC2B1AEBAB610088D63F /* Info.plist */ = {isa = PBXFileReference; lastKnownFileType = text.plist.xml; path = Info.plist; sourceTree = "<group>"; };
		7B6AAC2C1AEBAB610088D63F /* main.m */ = {isa = PBXFileReference; lastKnownFileType = sourcecode.c.objc; path = main.m; sourceTree = "<group>"; };
		7B6AAC2E1AEBAB610088D63F /* AppDelegate.h */ = {isa = PBXFileReference; lastKnownFileType = sourcecode.c.h; path = AppDelegate.h; sourceTree = "<group>"; };
		7B6AAC2F1AEBAB610088D63F /* AppDelegate.m */ = {isa = PBXFileReference; lastKnownFileType = sourcecode.c.objc; path = AppDelegate.m; sourceTree = "<group>"; };
		7B6AAC311AEBAB610088D63F /* ViewController.h */ = {isa = PBXFileReference; lastKnownFileType = sourcecode.c.h; path = ViewController.h; sourceTree = "<group>"; };
		7B6AAC321AEBAB610088D63F /* ViewController.m */ = {isa = PBXFileReference; lastKnownFileType = sourcecode.c.objc; path = ViewController.m; sourceTree = "<group>"; };
		7B6AAC351AEBAB610088D63F /* Base */ = {isa = PBXFileReference; lastKnownFileType = file.storyboard; name = Base; path = Base.lproj/Main.storyboard; sourceTree = "<group>"; };
		7B6AAC371AEBAB610088D63F /* Images.xcassets */ = {isa = PBXFileReference; lastKnownFileType = folder.assetcatalog; path = Images.xcassets; sourceTree = "<group>"; };
		7B6AAC3A1AEBAB610088D63F /* Base */ = {isa = PBXFileReference; lastKnownFileType = file.xib; name = Base; path = Base.lproj/LaunchScreen.xib; sourceTree = "<group>"; };
		7B6AAC401AEBAB610088D63F /* MyTEDPlayerTests.xctest */ = {isa = PBXFileReference; explicitFileType = wrapper.cfbundle; includeInIndex = 0; path = MyTEDPlayerTests.xctest; sourceTree = BUILT_PRODUCTS_DIR; };
		7B6AAC451AEBAB610088D63F /* Info.plist */ = {isa = PBXFileReference; lastKnownFileType = text.plist.xml; path = Info.plist; sourceTree = "<group>"; };
		7B6AAC461AEBAB610088D63F /* MyTEDPlayerTests.m */ = {isa = PBXFileReference; lastKnownFileType = sourcecode.c.objc; path = MyTEDPlayerTests.m; sourceTree = "<group>"; };
/* End PBXFileReference section */

/* Begin PBXFrameworksBuildPhase section */
		7B6AAC241AEBAB610088D63F /* Frameworks */ = {
			isa = PBXFrameworksBuildPhase;
			buildActionMask = 2147483647;
			files = (
			);
			runOnlyForDeploymentPostprocessing = 0;
		};
		7B6AAC3D1AEBAB610088D63F /* Frameworks */ = {
			isa = PBXFrameworksBuildPhase;
			buildActionMask = 2147483647;
			files = (
			);
			runOnlyForDeploymentPostprocessing = 0;
		};
/* End PBXFrameworksBuildPhase section */

/* Begin PBXGroup section */
		7B6AAC1E1AEBAB610088D63F = {
			isa = PBXGroup;
			children = (
				7B6AAC291AEBAB610088D63F /* MyTEDPlayer */,
				7B6AAC431AEBAB610088D63F /* MyTEDPlayerTests */,
				7B6AAC281AEBAB610088D63F /* Products */,
			);
			sourceTree = "<group>";
		};
		7B6AAC281AEBAB610088D63F /* Products */ = {
			isa = PBXGroup;
			children = (
				7B6AAC271AEBAB610088D63F /* MyTEDPlayer.app */,
				7B6AAC401AEBAB610088D63F /* MyTEDPlayerTests.xctest */,
			);
			name = Products;
			sourceTree = "<group>";
		};
		7B6AAC291AEBAB610088D63F /* MyTEDPlayer */ = {
			isa = PBXGroup;
			children = (
				7B6AAC2E1AEBAB610088D63F /* AppDelegate.h */,
				7B6AAC2F1AEBAB610088D63F /* AppDelegate.m */,
				7B6AAC311AEBAB610088D63F /* ViewController.h */,
				7B6AAC321AEBAB610088D63F /* ViewController.m */,
				7B6AAC341AEBAB610088D63F /* Main.storyboard */,
				7B6AAC371AEBAB610088D63F /* Images.xcassets */,
				7B6AAC391AEBAB610088D63F /* LaunchScreen.xib */,
				7B6AAC2A1AEBAB610088D63F /* Supporting Files */,
			);
			path = MyTEDPlayer;
			sourceTree = "<group>";
		};
		7B6AAC2A1AEBAB610088D63F /* Supporting Files */ = {
			isa = PBXGroup;
			children = (
				7B6AAC2B1AEBAB610088D63F /* Info.plist */,
				7B6AAC2C1AEBAB610088D63F /* main.m */,
			);
			name = "Supporting Files";
			sourceTree = "<group>";
		};
		7B6AAC431AEBAB610088D63F /* MyTEDPlayerTests */ = {
			isa = PBXGroup;
			children = (
				7B6AAC461AEBAB610088D63F /* MyTEDPlayerTests.m */,
				7B6AAC441AEBAB610088D63F /* Supporting Files */,
			);
			path = MyTEDPlayerTests;
			sourceTree = "<group>";
		};
		7B6AAC441AEBAB610088D63F /* Supporting Files */ = {
			isa = PBXGroup;
			children = (
				7B6AAC451AEBAB610088D63F /* Info.plist */,
			);
			name = "Supporting Files";
			sourceTree = "<group>";
		};
/* End PBXGroup section */

/* Begin PBXNativeTarget section */
		7B6AAC261AEBAB610088D63F /* MyTEDPlayer */ = {
			isa = PBXNativeTarget;
			buildConfigurationList = 7B6AAC4A1AEBAB610088D63F /* Build configuration list for PBXNativeTarget "MyTEDPlayer" */;
			buildPhases = (
				7B6AAC231AEBAB610088D63F /* Sources */,
				7B6AAC241AEBAB610088D63F /* Frameworks */,
				7B6AAC251AEBAB610088D63F /* Resources */,
			);
			buildRules = (
			);
			dependencies = (
			);
			name = MyTEDPlayer;
			productName = MyTEDPlayer;
			productReference = 7B6AAC271AEBAB610088D63F /* MyTEDPlayer.app */;
			productType = "com.apple.product-type.application";
		};
		7B6AAC3F1AEBAB610088D63F /* MyTEDPlayerTests */ = {
			isa = PBXNativeTarget;
			buildConfigurationList = 7B6AAC4D1AEBAB610088D63F /* Build configuration list for PBXNativeTarget "MyTEDPlayerTests" */;
			buildPhases = (
				7B6AAC3C1AEBAB610088D63F /* Sources */,
				7B6AAC3D1AEBAB610088D63F /* Frameworks */,
				7B6AAC3E1AEBAB610088D63F /* Resources */,
			);
			buildRules = (
			);
			dependencies = (
				7B6AAC421AEBAB610088D63F /* PBXTargetDependency */,
			);
			name = MyTEDPlayerTests;
			productName = MyTEDPlayerTests;
			productReference = 7B6AAC401AEBAB610088D63F /* MyTEDPlayerTests.xctest */;
			productType = "com.apple.product-type.bundle.unit-test";
		};
/* End PBXNativeTarget section */

/* Begin PBXProject section */
		7B6AAC1F1AEBAB610088D63F /* Project object */ = {
			isa = PBXProject;
			attributes = {
				LastUpgradeCheck = 0630;
				ORGANIZATIONNAME = beng;
				TargetAttributes = {
					7B6AAC261AEBAB610088D63F = {
						CreatedOnToolsVersion = 6.3.1;
					};
					7B6AAC3F1AEBAB610088D63F = {
						CreatedOnToolsVersion = 6.3.1;
						TestTargetID = 7B6AAC261AEBAB610088D63F;
					};
				};
			};
			buildConfigurationList = 7B6AAC221AEBAB610088D63F /* Build configuration list for PBXProject "MyTEDPlayer" */;
			compatibilityVersion = "Xcode 3.2";
			developmentRegion = English;
			hasScannedForEncodings = 0;
			knownRegions = (
				en,
				Base,
			);
			mainGroup = 7B6AAC1E1AEBAB610088D63F;
			productRefGroup = 7B6AAC281AEBAB610088D63F /* Products */;
			projectDirPath = "";
			projectRoot = "";
			targets = (
				7B6AAC261AEBAB610088D63F /* MyTEDPlayer */,
				7B6AAC3F1AEBAB610088D63F /* MyTEDPlayerTests */,
			);
		};
/* End PBXProject section */

/* Begin PBXResourcesBuildPhase section */
		7B6AAC251AEBAB610088D63F /* Resources */ = {
			isa = PBXResourcesBuildPhase;
			buildActionMask = 2147483647;
			files = (
				7B6AAC361AEBAB610088D63F /* Main.storyboard in Resources */,
				7B6AAC3B1AEBAB610088D63F /* LaunchScreen.xib in Resources */,
				7B6AAC381AEBAB610088D63F /* Images.xcassets in Resources */,
			);
			runOnlyForDeploymentPostprocessing = 0;
		};
		7B6AAC3E1AEBAB610088D63F /* Resources */ = {
			isa = PBXResourcesBuildPhase;
			buildActionMask = 2147483647;
			files = (
			);
			runOnlyForDeploymentPostprocessing = 0;
		};
/* End PBXResourcesBuildPhase section */

/* Begin PBXSourcesBuildPhase section */
		7B6AAC231AEBAB610088D63F /* Sources */ = {
			isa = PBXSourcesBuildPhase;
			buildActionMask = 2147483647;
			files = (
				7B6AAC331AEBAB610088D63F /* ViewController.m in Sources */,
				7B6AAC301AEBAB610088D63F /* AppDelegate.m in Sources */,
				7B6AAC2D1AEBAB610088D63F /* main.m in Sources */,
			);
			runOnlyForDeploymentPostprocessing = 0;
		};
		7B6AAC3C1AEBAB610088D63F /* Sources */ = {
			isa = PBXSourcesBuildPhase;
			buildActionMask = 2147483647;
			files = (
				7B6AAC471AEBAB610088D63F /* MyTEDPlayerTests.m in Sources */,
			);
			runOnlyForDeploymentPostprocessing = 0;
		};
/* End PBXSourcesBuildPhase section */

/* Begin PBXTargetDependency section */
		7B6AAC421AEBAB610088D63F /* PBXTargetDependency */ = {
			isa = PBXTargetDependency;
			target = 7B6AAC261AEBAB610088D63F /* MyTEDPlayer */;
			targetProxy = 7B6AAC411AEBAB610088D63F /* PBXContainerItemProxy */;
		};
/* End PBXTargetDependency section */

/* Begin PBXVariantGroup section */
		7B6AAC341AEBAB610088D63F /* Main.storyboard */ = {
			isa = PBXVariantGroup;
			children = (
				7B6AAC351AEBAB610088D63F /* Base */,
			);
			name = Main.storyboard;
			sourceTree = "<group>";
		};
		7B6AAC391AEBAB610088D63F /* LaunchScreen.xib */ = {
			isa = PBXVariantGroup;
			children = (
				7B6AAC3A1AEBAB610088D63F /* Base */,
			);
			name = LaunchScreen.xib;
			sourceTree = "<group>";
		};
/* End PBXVariantGroup section */

/* Begin XCBuildConfiguration section */
		7B6AAC481AEBAB610088D63F /* Debug */ = {
			isa = XCBuildConfiguration;
			buildSettings = {
				ALWAYS_SEARCH_USER_PATHS = NO;
				CLANG_CXX_LANGUAGE_STANDARD = "gnu++0x";
				CLANG_CXX_LIBRARY = "libc++";
				CLANG_ENABLE_MODULES = YES;
				CLANG_ENABLE_OBJC_ARC = YES;
				CLANG_WARN_BOOL_CONVERSION = YES;
				CLANG_WARN_CONSTANT_CONVERSION = YES;
				CLANG_WARN_DIRECT_OBJC_ISA_USAGE = YES_ERROR;
				CLANG_WARN_EMPTY_BODY = YES;
				CLANG_WARN_ENUM_CONVERSION = YES;
				CLANG_WARN_INT_CONVERSION = YES;
				CLANG_WARN_OBJC_ROOT_CLASS = YES_ERROR;
				CLANG_WARN_UNREACHABLE_CODE = YES;
				CLANG_WARN__DUPLICATE_METHOD_MATCH = YES;
				"CODE_SIGN_IDENTITY[sdk=iphoneos*]" = "iPhone Developer";
				COPY_PHASE_STRIP = NO;
				DEBUG_INFORMATION_FORMAT = "dwarf-with-dsym";
				ENABLE_STRICT_OBJC_MSGSEND = YES;
				GCC_C_LANGUAGE_STANDARD = gnu99;
				GCC_DYNAMIC_NO_PIC = NO;
				GCC_NO_COMMON_BLOCKS = YES;
				GCC_OPTIMIZATION_LEVEL = 0;
				GCC_PREPROCESSOR_DEFINITIONS = (
					"DEBUG=1",
					"$(inherited)",
				);
				GCC_SYMBOLS_PRIVATE_EXTERN = NO;
				GCC_WARN_64_TO_32_BIT_CONVERSION = YES;
				GCC_WARN_ABOUT_RETURN_TYPE = YES_ERROR;
				GCC_WARN_UNDECLARED_SELECTOR = YES;
				GCC_WARN_UNINITIALIZED_AUTOS = YES_AGGRESSIVE;
				GCC_WARN_UNUSED_FUNCTION = YES;
				GCC_WARN_UNUSED_VARIABLE = YES;
				IPHONEOS_DEPLOYMENT_TARGET = 8.3;
				MTL_ENABLE_DEBUG_INFO = YES;
				ONLY_ACTIVE_ARCH = YES;
				SDKROOT = iphoneos;
				TARGETED_DEVICE_FAMILY = "1,2";
			};
			name = Debug;
		};
		7B6AAC491AEBAB610088D63F /* Release */ = {
			isa = XCBuildConfiguration;
			buildSettings = {
				ALWAYS_SEARCH_USER_PATHS = NO;
				CLANG_CXX_LANGUAGE_STANDARD = "gnu++0x";
				CLANG_CXX_LIBRARY = "libc++";
				CLANG_ENABLE_MODULES = YES;
				CLANG_ENABLE_OBJC_ARC = YES;
				CLANG_WARN_BOOL_CONVERSION = YES;
				CLANG_WARN_CONSTANT_CONVERSION = YES;
				CLANG_WARN_DIRECT_OBJC_ISA_USAGE = YES_ERROR;
				CLANG_WARN_EMPTY_BODY = YES;
				CLANG_WARN_ENUM_CONVERSION = YES;
				CLANG_WARN_INT_CONVERSION = YES;
				CLANG_WARN_OBJC_ROOT_CLASS = YES_ERROR;
				CLANG_WARN_UNREACHABLE_CODE = YES;
				CLANG_WARN__DUPLICATE_METHOD_MATCH = YES;
				"CODE_SIGN_IDENTITY[sdk=iphoneos*]" = "iPhone Developer";
				COPY_PHASE_STRIP = NO;
				DEBUG_INFORMATION_FORMAT = "dwarf-with-dsym";
				ENABLE_NS_ASSERTIONS = NO;
				ENABLE_STRICT_OBJC_MSGSEND = YES;
				GCC_C_LANGUAGE_STANDARD = gnu99;
				GCC_NO_COMMON_BLOCKS = YES;
				GCC_WARN_64_TO_32_BIT_CONVERSION = YES;
				GCC_WARN_ABOUT_RETURN_TYPE = YES_ERROR;
				GCC_WARN_UNDECLARED_SELECTOR = YES;
				GCC_WARN_UNINITIALIZED_AUTOS = YES_AGGRESSIVE;
				GCC_WARN_UNUSED_FUNCTION = YES;
				GCC_WARN_UNUSED_VARIABLE = YES;
				IPHONEOS_DEPLOYMENT_TARGET = 8.3;
				MTL_ENABLE_DEBUG_INFO = NO;
				SDKROOT = iphoneos;
				TARGETED_DEVICE_FAMILY = "1,2";
				VALIDATE_PRODUCT = YES;
			};
			name = Release;
		};
		7B6AAC4B1AEBAB610088D63F /* Debug */ = {
			isa = XCBuildConfiguration;
			buildSettings = {
				ASSETCATALOG_COMPILER_APPICON_NAME = AppIcon;
				INFOPLIST_FILE = MyTEDPlayer/Info.plist;
				LD_RUNPATH_SEARCH_PATHS = "$(inherited) @executable_path/Frameworks";
				PRODUCT_NAME = "$(TARGET_NAME)";
			};
			name = Debug;
		};
		7B6AAC4C1AEBAB610088D63F /* Release */ = {
			isa = XCBuildConfiguration;
			buildSettings = {
				ASSETCATALOG_COMPILER_APPICON_NAME = AppIcon;
				INFOPLIST_FILE = MyTEDPlayer/Info.plist;
				LD_RUNPATH_SEARCH_PATHS = "$(inherited) @executable_path/Frameworks";
				PRODUCT_NAME = "$(TARGET_NAME)";
			};
			name = Release;
		};
		7B6AAC4E1AEBAB610088D63F /* Debug */ = {
			isa = XCBuildConfiguration;
			buildSettings = {
				BUNDLE_LOADER = "$(TEST_HOST)";
				FRAMEWORK_SEARCH_PATHS = (
					"$(SDKROOT)/Developer/Library/Frameworks",
					"$(inherited)",
				);
				GCC_PREPROCESSOR_DEFINITIONS = (
					"DEBUG=1",
					"$(inherited)",
				);
				INFOPLIST_FILE = MyTEDPlayerTests/Info.plist;
				LD_RUNPATH_SEARCH_PATHS = "$(inherited) @executable_path/Frameworks @loader_path/Frameworks";
				PRODUCT_NAME = "$(TARGET_NAME)";
				TEST_HOST = "$(BUILT_PRODUCTS_DIR)/MyTEDPlayer.app/MyTEDPlayer";
			};
			name = Debug;
		};
		7B6AAC4F1AEBAB610088D63F /* Release */ = {
			isa = XCBuildConfiguration;
			buildSettings = {
				BUNDLE_LOADER = "$(TEST_HOST)";
				FRAMEWORK_SEARCH_PATHS = (
					"$(SDKROOT)/Developer/Library/Frameworks",
					"$(inherited)",
				);
				INFOPLIST_FILE = MyTEDPlayerTests/Info.plist;
				LD_RUNPATH_SEARCH_PATHS = "$(inherited) @executable_path/Frameworks @loader_path/Frameworks";
				PRODUCT_NAME = "$(TARGET_NAME)";
				TEST_HOST = "$(BUILT_PRODUCTS_DIR)/MyTEDPlayer.app/MyTEDPlayer";
			};
			name = Release;
		};
/* End XCBuildConfiguration section */

/* Begin XCConfigurationList section */
		7B6AAC221AEBAB610088D63F /* Build configuration list for PBXProject "MyTEDPlayer" */ = {
			isa = XCConfigurationList;
			buildConfigurations = (
				7B6AAC481AEBAB610088D63F /* Debug */,
				7B6AAC491AEBAB610088D63F /* Release */,
			);
			defaultConfigurationIsVisible = 0;
			defaultConfigurationName = Release;
		};
		7B6AAC4A1AEBAB610088D63F /* Build configuration list for PBXNativeTarget "MyTEDPlayer" */ = {
			isa = XCConfigurationList;
			buildConfigurations = (
				7B6AAC4B1AEBAB610088D63F /* Debug */,
				7B6AAC4C1AEBAB610088D63F /* Release */,
			);
			defaultConfigurationIsVisible = 0;
		};
		7B6AAC4D1AEBAB610088D63F /* Build configuration list for PBXNativeTarget "MyTEDPlayerTests" */ = {
			isa = XCConfigurationList;
			buildConfigurations = (
				7B6AAC4E1AEBAB610088D63F /* Debug */,
				7B6AAC4F1AEBAB610088D63F /* Release */,
			);
			defaultConfigurationIsVisible = 0;
		};
/* End XCConfigurationList section */
	};
	rootObject = 7B6AAC1F1AEBAB610088D63F /* Project object */;
}
